# THIS IS AN AUTOGENERATED FILE. DO NOT EDIT THIS FILE DIRECTLY.
# yarn lockfile v1


mustache@^3.0.3:
  version "3.0.3"
  resolved "https://registry.yarnpkg.com/mustache/-/mustache-3.0.3.tgz#ee4fb971887fa6cc1b6b6d219a74b5e3c7535f32"
  integrity sha512-vM5FkMHamTYmVYeAujypihuPrJQDtaUIlKeeVb1AMJ73OZLtWiF7GprqrjxD0gJWT53W9JfqXxf97nXQjMQkqA==
